
Microsoft Visual Studio Solution File, Format Version 12.00
# Visual Studio Version 17
VisualStudioVersion = 17.14.37216.2 d17.14
MinimumVisualStudioVersion = 10.0.40219.1
Project("{FAE04EC0-301F-11D3-BF4B-00C04F79EFBC}") = "ModelValidation", "ModelValidation\ModelValidation.csproj", "{BE9EF190-7BD9-4A4A-8E7E-CFA5005F041E}"
EndProject
Global
	GlobalSection(SolutionConfigurationPlatforms) = preSolution
		Debug|Any CPU = Debug|Any CPU
		Release|Any CPU = Release|Any CPU
	EndGlobalSection
	GlobalSection(ProjectConfigurationPlatforms) = postSolution
		{BE9EF190-7BD9-4A4A-8E7E-CFA5005F041E}.Debug|Any CPU.ActiveCfg = Debug|Any CPU
		{BE9EF190-7BD9-4A4A-8E7E-CFA5005F041E}.Debug|Any CPU.Build.0 = Debug|Any CPU
		{BE9EF190-7BD9-4A4A-8E7E-CFA5005F041E}.Release|Any CPU.ActiveCfg = Release|Any CPU
		{BE9EF190-7BD9-4A4A-8E7E-CFA5005F041E}.Release|Any CPU.Build.0 = Release|Any CPU
	EndGlobalSection
	GlobalSection(SolutionProperties) = preSolution
		HideSolutionNode = FALSE
	EndGlobalSection
	GlobalSection(ExtensibilityGlobals) = postSolution
		SolutionGuid = {F2009D15-45C4-48BF-A89C-E0898620DA59}
	EndGlobalSection
EndGlobal
