
Microsoft Visual Studio Solution File, Format Version 12.00
# Visual Studio Version 17
VisualStudioVersion = 17.14.37216.2 d17.14
MinimumVisualStudioVersion = 10.0.40219.1
Project("{FAE04EC0-301F-11D3-BF4B-00C04F79EFBC}") = "ViewExample", "ViewExample\ViewExample.csproj", "{A3FEB12D-A769-4260-B17E-BFF8060B9F5D}"
EndProject
Global
	GlobalSection(SolutionConfigurationPlatforms) = preSolution
		Debug|Any CPU = Debug|Any CPU
		Release|Any CPU = Release|Any CPU
	EndGlobalSection
	GlobalSection(ProjectConfigurationPlatforms) = postSolution
		{A3FEB12D-A769-4260-B17E-BFF8060B9F5D}.Debug|Any CPU.ActiveCfg = Debug|Any CPU
		{A3FEB12D-A769-4260-B17E-BFF8060B9F5D}.Debug|Any CPU.Build.0 = Debug|Any CPU
		{A3FEB12D-A769-4260-B17E-BFF8060B9F5D}.Release|Any CPU.ActiveCfg = Release|Any CPU
		{A3FEB12D-A769-4260-B17E-BFF8060B9F5D}.Release|Any CPU.Build.0 = Release|Any CPU
	EndGlobalSection
	GlobalSection(SolutionProperties) = preSolution
		HideSolutionNode = FALSE
	EndGlobalSection
	GlobalSection(ExtensibilityGlobals) = postSolution
		SolutionGuid = {E9CA703D-E769-4550-9632-E00A324A19C2}
	EndGlobalSection
EndGlobal
